<?xml version="1.0" encoding="utf-8"?>
<Project ToolsVersion="4.0" xmlns="http://schemas.microsoft.com/developer/msbuild/2003">
  <ItemGroup>
    <Filter Include="Source Files">
      <UniqueIdentifier>{4FC737F1-C7A5-4376-A066-2A32D752A2FF}</UniqueIdentifier>
      <Extensions>cpp;c;cc;cxx;c++;cppm;ixx;def;odl;idl;hpj;bat;asm;asmx</Extensions>
    </Filter>
    <Filter Include="Header Files">
      <UniqueIdentifier>{93995380-89BD-4b04-88EB-625FBE52EBFB}</UniqueIdentifier>
      <Extensions>h;hh;hpp;hxx;h++;hm;inl;inc;ipp;xsd</Extensions>
    </Filter>
    <Filter Include="Resource Files">
      <UniqueIdentifier>{67DA6AB6-F800-4c08-8B7A-83BB121AAD01}</UniqueIdentifier>
      <Extensions>rc;ico;cur;bmp;dlg;rc2;rct;bin;rgs;gif;jpg;jpeg;jpe;resx;tiff;tif;png;wav;mfcribbon-ms</Extensions>
    </Filter>
    <Filter Include="SLRGenerator">
      <UniqueIdentifier>{320f6300-236f-4a33-b411-6b4242370110}</UniqueIdentifier>
    </Filter>
    <Filter Include="SLRProgram">
      <UniqueIdentifier>{24fa0b81-832d-4094-b937-faf049441c9f}</UniqueIdentifier>
    </Filter>
    <Filter Include="SLRSyntaxParser">
      <UniqueIdentifier>{92ee2bf5-fdc4-4cc9-bea9-4e411e852306}</UniqueIdentifier>
    </Filter>
  </ItemGroup>
  <ItemGroup>
    <ClCompile Include="main.cpp">
      <Filter>Source Files</Filter>
    </ClCompile>
    <ClCompile Include="SLRProgram.cpp">
      <Filter>SLRProgram</Filter>
    </ClCompile>
    <ClCompile Include="SLRGenerator.cpp">
      <Filter>SLRGenerator</Filter>
    </ClCompile>
    <ClCompile Include="SLRSyntaxParser.cpp">
      <Filter>SLRSyntaxParser</Filter>
    </ClCompile>
  </ItemGroup>
  <ItemGroup>
    <ClInclude Include="SLRProgram.h">
      <Filter>SLRProgram</Filter>
    </ClInclude>
    <ClInclude Include="utils.h">
      <Filter>Header Files</Filter>
    </ClInclude>
    <ClInclude Include="SLRGenerator.h">
      <Filter>SLRGenerator</Filter>
    </ClInclude>
    <ClInclude Include="SLRSyntaxParser.h">
      <Filter>SLRSyntaxParser</Filter>
    </ClInclude>
  </ItemGroup>
</Project>